
Microsoft Visual Studio Solution File, Format Version 12.00
# Visual Studio 15
VisualStudioVersion = 15.0.26730.16
MinimumVisualStudioVersion = 10.0.40219.1
Project("{FAE04EC0-301F-11D3-BF4B-00C04F79EFBC}") = "Sudoku_GUI", "Sudoku_GUI\Sudoku_GUI.csproj", "{5E9006A4-432F-4C22-BB85-0E2B9B3D1412}"
EndProject
Global
	GlobalSection(SolutionConfigurationPlatforms) = preSolution
		Debug|Any CPU = Debug|Any CPU
		Release|Any CPU = Release|Any CPU
	EndGlobalSection
	GlobalSection(ProjectConfigurationPlatforms) = postSolution
		{5E9006A4-432F-4C22-BB85-0E2B9B3D1412}.Debug|Any CPU.ActiveCfg = Debug|Any CPU
		{5E9006A4-432F-4C22-BB85-0E2B9B3D1412}.Debug|Any CPU.Build.0 = Debug|Any CPU
		{5E9006A4-432F-4C22-BB85-0E2B9B3D1412}.Release|Any CPU.ActiveCfg = Release|Any CPU
		{5E9006A4-432F-4C22-BB85-0E2B9B3D1412}.Release|Any CPU.Build.0 = Release|Any CPU
	EndGlobalSection
	GlobalSection(SolutionProperties) = preSolution
		HideSolutionNode = FALSE
	EndGlobalSection
	GlobalSection(ExtensibilityGlobals) = postSolution
		SolutionGuid = {826E86D4-C066-4104-9808-9C56B62503D6}
	EndGlobalSection
EndGlobal
